
Microsoft Visual Studio Solution File, Format Version 12.00
# Visual Studio 14
VisualStudioVersion = 14.0.25420.1
MinimumVisualStudioVersion = 10.0.40219.1
Project("{FAE04EC0-301F-11D3-BF4B-00C04F79EFBC}") = "WebApplicationTestGit", "WebApplicationTestGit\WebApplicationTestGit.csproj", "{93972766-A350-425B-A20D-3E04DD0DD3BB}"
EndProject
Project("{FAE04EC0-301F-11D3-BF4B-00C04F79EFBC}") = "WebApplicationTestGit.Tests", "WebApplicationTestGit.Tests\WebApplicationTestGit.Tests.csproj", "{0CAB6FFA-2DF2-495D-A869-D7E7F34C2ACA}"
EndProject
Global
	GlobalSection(SolutionConfigurationPlatforms) = preSolution
		Debug|Any CPU = Debug|Any CPU
		Release|Any CPU = Release|Any CPU
	EndGlobalSection
	GlobalSection(ProjectConfigurationPlatforms) = postSolution
		{93972766-A350-425B-A20D-3E04DD0DD3BB}.Debug|Any CPU.ActiveCfg = Debug|Any CPU
		{93972766-A350-425B-A20D-3E04DD0DD3BB}.Debug|Any CPU.Build.0 = Debug|Any CPU
		{93972766-A350-425B-A20D-3E04DD0DD3BB}.Release|Any CPU.ActiveCfg = Release|Any CPU
		{93972766-A350-425B-A20D-3E04DD0DD3BB}.Release|Any CPU.Build.0 = Release|Any CPU
		{0CAB6FFA-2DF2-495D-A869-D7E7F34C2ACA}.Debug|Any CPU.ActiveCfg = Debug|Any CPU
		{0CAB6FFA-2DF2-495D-A869-D7E7F34C2ACA}.Debug|Any CPU.Build.0 = Debug|Any CPU
		{0CAB6FFA-2DF2-495D-A869-D7E7F34C2ACA}.Release|Any CPU.ActiveCfg = Release|Any CPU
		{0CAB6FFA-2DF2-495D-A869-D7E7F34C2ACA}.Release|Any CPU.Build.0 = Release|Any CPU
	EndGlobalSection
	GlobalSection(SolutionProperties) = preSolution
		HideSolutionNode = FALSE
	EndGlobalSection
EndGlobal
